
Microsoft Visual Studio Solution File, Format Version 12.00
# Visual Studio 2012
Project("{FAE04EC0-301F-11D3-BF4B-00C04F79EFBC}") = "Zsw.Test", "Zsw.Test\Zsw.Test.csproj", "{857862EF-7B59-44AB-836F-E70005E10B3E}"
EndProject
Project("{FAE04EC0-301F-11D3-BF4B-00C04F79EFBC}") = "Zsw.MvcProUser", "Zsw.MvcProUser\Zsw.MvcProUser.csproj", "{5F116410-5869-40CA-9DCA-5641029FA134}"
EndProject
Project("{FAE04EC0-301F-11D3-BF4B-00C04F79EFBC}") = "Zsw.Helper.Util", "Zsw.Helper.Util\Zsw.Helper.Util.csproj", "{C6271D30-23C8-465F-9600-BA618470956B}"
EndProject
Global
	GlobalSection(SolutionConfigurationPlatforms) = preSolution
		Debug|Any CPU = Debug|Any CPU
		Release|Any CPU = Release|Any CPU
	EndGlobalSection
	GlobalSection(ProjectConfigurationPlatforms) = postSolution
		{857862EF-7B59-44AB-836F-E70005E10B3E}.Debug|Any CPU.ActiveCfg = Debug|Any CPU
		{857862EF-7B59-44AB-836F-E70005E10B3E}.Debug|Any CPU.Build.0 = Debug|Any CPU
		{857862EF-7B59-44AB-836F-E70005E10B3E}.Release|Any CPU.ActiveCfg = Release|Any CPU
		{857862EF-7B59-44AB-836F-E70005E10B3E}.Release|Any CPU.Build.0 = Release|Any CPU
		{5F116410-5869-40CA-9DCA-5641029FA134}.Debug|Any CPU.ActiveCfg = Debug|Any CPU
		{5F116410-5869-40CA-9DCA-5641029FA134}.Debug|Any CPU.Build.0 = Debug|Any CPU
		{5F116410-5869-40CA-9DCA-5641029FA134}.Release|Any CPU.ActiveCfg = Release|Any CPU
		{5F116410-5869-40CA-9DCA-5641029FA134}.Release|Any CPU.Build.0 = Release|Any CPU
		{C6271D30-23C8-465F-9600-BA618470956B}.Debug|Any CPU.ActiveCfg = Debug|Any CPU
		{C6271D30-23C8-465F-9600-BA618470956B}.Debug|Any CPU.Build.0 = Debug|Any CPU
		{C6271D30-23C8-465F-9600-BA618470956B}.Release|Any CPU.ActiveCfg = Release|Any CPU
		{C6271D30-23C8-465F-9600-BA618470956B}.Release|Any CPU.Build.0 = Release|Any CPU
	EndGlobalSection
	GlobalSection(SolutionProperties) = preSolution
		HideSolutionNode = FALSE
	EndGlobalSection
EndGlobal
